
Microsoft Visual Studio Solution File, Format Version 12.00
# Visual Studio 15
VisualStudioVersion = 15.0.28307.168
MinimumVisualStudioVersion = 10.0.40219.1
Project("{888888A0-9F3D-457C-B088-3A5042F75D52}") = "Witcher 2D", "Witcher 2D\Witcher 2D.pyproj", "{49F76455-D070-465D-BBED-4B4B007D2B10}"
EndProject
Global
	GlobalSection(SolutionConfigurationPlatforms) = preSolution
		Debug|Any CPU = Debug|Any CPU
		Release|Any CPU = Release|Any CPU
	EndGlobalSection
	GlobalSection(ProjectConfigurationPlatforms) = postSolution
		{49F76455-D070-465D-BBED-4B4B007D2B10}.Debug|Any CPU.ActiveCfg = Debug|Any CPU
		{49F76455-D070-465D-BBED-4B4B007D2B10}.Release|Any CPU.ActiveCfg = Release|Any CPU
	EndGlobalSection
	GlobalSection(SolutionProperties) = preSolution
		HideSolutionNode = FALSE
	EndGlobalSection
	GlobalSection(ExtensibilityGlobals) = postSolution
		SolutionGuid = {55998ED6-89F6-47CE-95B4-F0FD65E82AC8}
	EndGlobalSection
EndGlobal
